
Microsoft Visual Studio Solution File, Format Version 12.00
# Visual Studio for Mac
Project("{FAE04EC0-301F-11D3-BF4B-00C04F79EFBC}") = "Assembly-CSharp", "Assembly-CSharp.csproj", "{2238F08E-0F7E-17AE-78B4-B358EE5C5245}"
EndProject
Project("{FAE04EC0-301F-11D3-BF4B-00C04F79EFBC}") = "NativeGallery.Runtime", "NativeGallery.Runtime.csproj", "{5ADFEA42-552F-86DB-99EE-A984BB857648}"
EndProject
Project("{FAE04EC0-301F-11D3-BF4B-00C04F79EFBC}") = "PhotonUnityNetworking.Demos", "PhotonUnityNetworking.Demos.csproj", "{51EEEB88-D373-55B6-7FAD-BD17C5658A8B}"
EndProject
Project("{FAE04EC0-301F-11D3-BF4B-00C04F79EFBC}") = "PhotonUnityNetworking.Utilities", "PhotonUnityNetworking.Utilities.csproj", "{40AA5E79-E72B-E096-FDA2-9E4FDDA577A5}"
EndProject
Project("{FAE04EC0-301F-11D3-BF4B-00C04F79EFBC}") = "PhotonChat", "PhotonChat.csproj", "{9CFAF15A-6508-66E5-1B21-DC47969D8DEA}"
EndProject
Project("{FAE04EC0-301F-11D3-BF4B-00C04F79EFBC}") = "PhotonUnityNetworking", "PhotonUnityNetworking.csproj", "{AA646BA5-B171-6817-6E07-5C370134D8E2}"
EndProject
Project("{FAE04EC0-301F-11D3-BF4B-00C04F79EFBC}") = "PhotonRealtime", "PhotonRealtime.csproj", "{4BC9FF34-12B1-2564-B028-82CE59AD30CB}"
EndProject
Project("{FAE04EC0-301F-11D3-BF4B-00C04F79EFBC}") = "PhotonWebSocket", "PhotonWebSocket.csproj", "{3AB62684-05EC-3E8D-A645-D57598F802B2}"
EndProject
Project("{FAE04EC0-301F-11D3-BF4B-00C04F79EFBC}") = "Assembly-CSharp-Editor", "Assembly-CSharp-Editor.csproj", "{5D2FEB6E-2A1E-8AA2-E78E-67FB878BFC4F}"
EndProject
Project("{FAE04EC0-301F-11D3-BF4B-00C04F79EFBC}") = "NativeGallery.Editor", "NativeGallery.Editor.csproj", "{0299DDB3-9103-9D35-7519-B78F9F8213DF}"
EndProject
Project("{FAE04EC0-301F-11D3-BF4B-00C04F79EFBC}") = "PhotonUnityNetworking.Editor", "PhotonUnityNetworking.Editor.csproj", "{9A8E1A86-620F-241F-A834-A580969CA43B}"
EndProject
Project("{FAE04EC0-301F-11D3-BF4B-00C04F79EFBC}") = "PunDemos.DemoHubEditor", "PunDemos.DemoHubEditor.csproj", "{C4DA457D-FAA8-FEEB-ACF9-86CEA3A7D13B}"
EndProject
Project("{FAE04EC0-301F-11D3-BF4B-00C04F79EFBC}") = "PhotonUnityNetworking.Utilities.PhotonPlayer.Editor", "PhotonUnityNetworking.Utilities.PhotonPlayer.Editor.csproj", "{3909CBA7-72EC-FB3B-19EF-59D72536D514}"
EndProject
Project("{FAE04EC0-301F-11D3-BF4B-00C04F79EFBC}") = "PhotonUnityNetworking.Utilities.Culling.Editor", "PhotonUnityNetworking.Utilities.Culling.Editor.csproj", "{19285D35-F761-8B24-FB75-C13009D47CB8}"
EndProject
Project("{FAE04EC0-301F-11D3-BF4B-00C04F79EFBC}") = "PunDemos.DemoSlotcarEditor", "PunDemos.DemoSlotcarEditor.csproj", "{14A4EA14-5A1E-9240-06C9-DFA508F60179}"
EndProject
Global
	GlobalSection(SolutionConfigurationPlatforms) = preSolution
		Debug|Any CPU = Debug|Any CPU
		Release|Any CPU = Release|Any CPU
	EndGlobalSection
	GlobalSection(ProjectConfigurationPlatforms) = postSolution
		{2238F08E-0F7E-17AE-78B4-B358EE5C5245}.Debug|Any CPU.ActiveCfg = Debug|Any CPU
		{2238F08E-0F7E-17AE-78B4-B358EE5C5245}.Debug|Any CPU.Build.0 = Debug|Any CPU
		{2238F08E-0F7E-17AE-78B4-B358EE5C5245}.Release|Any CPU.ActiveCfg = Release|Any CPU
		{2238F08E-0F7E-17AE-78B4-B358EE5C5245}.Release|Any CPU.Build.0 = Release|Any CPU
		{5ADFEA42-552F-86DB-99EE-A984BB857648}.Debug|Any CPU.ActiveCfg = Debug|Any CPU
		{5ADFEA42-552F-86DB-99EE-A984BB857648}.Debug|Any CPU.Build.0 = Debug|Any CPU
		{5ADFEA42-552F-86DB-99EE-A984BB857648}.Release|Any CPU.ActiveCfg = Release|Any CPU
		{5ADFEA42-552F-86DB-99EE-A984BB857648}.Release|Any CPU.Build.0 = Release|Any CPU
		{51EEEB88-D373-55B6-7FAD-BD17C5658A8B}.Debug|Any CPU.ActiveCfg = Debug|Any CPU
		{51EEEB88-D373-55B6-7FAD-BD17C5658A8B}.Debug|Any CPU.Build.0 = Debug|Any CPU
		{51EEEB88-D373-55B6-7FAD-BD17C5658A8B}.Release|Any CPU.ActiveCfg = Release|Any CPU
		{51EEEB88-D373-55B6-7FAD-BD17C5658A8B}.Release|Any CPU.Build.0 = Release|Any CPU
		{40AA5E79-E72B-E096-FDA2-9E4FDDA577A5}.Debug|Any CPU.ActiveCfg = Debug|Any CPU
		{40AA5E79-E72B-E096-FDA2-9E4FDDA577A5}.Debug|Any CPU.Build.0 = Debug|Any CPU
		{40AA5E79-E72B-E096-FDA2-9E4FDDA577A5}.Release|Any CPU.ActiveCfg = Release|Any CPU
		{40AA5E79-E72B-E096-FDA2-9E4FDDA577A5}.Release|Any CPU.Build.0 = Release|Any CPU
		{9CFAF15A-6508-66E5-1B21-DC47969D8DEA}.Debug|Any CPU.ActiveCfg = Debug|Any CPU
		{9CFAF15A-6508-66E5-1B21-DC47969D8DEA}.Debug|Any CPU.Build.0 = Debug|Any CPU
		{9CFAF15A-6508-66E5-1B21-DC47969D8DEA}.Release|Any CPU.ActiveCfg = Release|Any CPU
		{9CFAF15A-6508-66E5-1B21-DC47969D8DEA}.Release|Any CPU.Build.0 = Release|Any CPU
		{AA646BA5-B171-6817-6E07-5C370134D8E2}.Debug|Any CPU.ActiveCfg = Debug|Any CPU
		{AA646BA5-B171-6817-6E07-5C370134D8E2}.Debug|Any CPU.Build.0 = Debug|Any CPU
		{AA646BA5-B171-6817-6E07-5C370134D8E2}.Release|Any CPU.ActiveCfg = Release|Any CPU
		{AA646BA5-B171-6817-6E07-5C370134D8E2}.Release|Any CPU.Build.0 = Release|Any CPU
		{4BC9FF34-12B1-2564-B028-82CE59AD30CB}.Debug|Any CPU.ActiveCfg = Debug|Any CPU
		{4BC9FF34-12B1-2564-B028-82CE59AD30CB}.Debug|Any CPU.Build.0 = Debug|Any CPU
		{4BC9FF34-12B1-2564-B028-82CE59AD30CB}.Release|Any CPU.ActiveCfg = Release|Any CPU
		{4BC9FF34-12B1-2564-B028-82CE59AD30CB}.Release|Any CPU.Build.0 = Release|Any CPU
		{3AB62684-05EC-3E8D-A645-D57598F802B2}.Debug|Any CPU.ActiveCfg = Debug|Any CPU
		{3AB62684-05EC-3E8D-A645-D57598F802B2}.Debug|Any CPU.Build.0 = Debug|Any CPU
		{3AB62684-05EC-3E8D-A645-D57598F802B2}.Release|Any CPU.ActiveCfg = Release|Any CPU
		{3AB62684-05EC-3E8D-A645-D57598F802B2}.Release|Any CPU.Build.0 = Release|Any CPU
		{5D2FEB6E-2A1E-8AA2-E78E-67FB878BFC4F}.Debug|Any CPU.ActiveCfg = Debug|Any CPU
		{5D2FEB6E-2A1E-8AA2-E78E-67FB878BFC4F}.Debug|Any CPU.Build.0 = Debug|Any CPU
		{5D2FEB6E-2A1E-8AA2-E78E-67FB878BFC4F}.Release|Any CPU.ActiveCfg = Release|Any CPU
		{5D2FEB6E-2A1E-8AA2-E78E-67FB878BFC4F}.Release|Any CPU.Build.0 = Release|Any CPU
		{0299DDB3-9103-9D35-7519-B78F9F8213DF}.Debug|Any CPU.ActiveCfg = Debug|Any CPU
		{0299DDB3-9103-9D35-7519-B78F9F8213DF}.Debug|Any CPU.Build.0 = Debug|Any CPU
		{0299DDB3-9103-9D35-7519-B78F9F8213DF}.Release|Any CPU.ActiveCfg = Release|Any CPU
		{0299DDB3-9103-9D35-7519-B78F9F8213DF}.Release|Any CPU.Build.0 = Release|Any CPU
		{9A8E1A86-620F-241F-A834-A580969CA43B}.Debug|Any CPU.ActiveCfg = Debug|Any CPU
		{9A8E1A86-620F-241F-A834-A580969CA43B}.Debug|Any CPU.Build.0 = Debug|Any CPU
		{9A8E1A86-620F-241F-A834-A580969CA43B}.Release|Any CPU.ActiveCfg = Release|Any CPU
		{9A8E1A86-620F-241F-A834-A580969CA43B}.Release|Any CPU.Build.0 = Release|Any CPU
		{C4DA457D-FAA8-FEEB-ACF9-86CEA3A7D13B}.Debug|Any CPU.ActiveCfg = Debug|Any CPU
		{C4DA457D-FAA8-FEEB-ACF9-86CEA3A7D13B}.Debug|Any CPU.Build.0 = Debug|Any CPU
		{C4DA457D-FAA8-FEEB-ACF9-86CEA3A7D13B}.Release|Any CPU.ActiveCfg = Release|Any CPU
		{C4DA457D-FAA8-FEEB-ACF9-86CEA3A7D13B}.Release|Any CPU.Build.0 = Release|Any CPU
		{3909CBA7-72EC-FB3B-19EF-59D72536D514}.Debug|Any CPU.ActiveCfg = Debug|Any CPU
		{3909CBA7-72EC-FB3B-19EF-59D72536D514}.Debug|Any CPU.Build.0 = Debug|Any CPU
		{3909CBA7-72EC-FB3B-19EF-59D72536D514}.Release|Any CPU.ActiveCfg = Release|Any CPU
		{3909CBA7-72EC-FB3B-19EF-59D72536D514}.Release|Any CPU.Build.0 = Release|Any CPU
		{19285D35-F761-8B24-FB75-C13009D47CB8}.Debug|Any CPU.ActiveCfg = Debug|Any CPU
		{19285D35-F761-8B24-FB75-C13009D47CB8}.Debug|Any CPU.Build.0 = Debug|Any CPU
		{19285D35-F761-8B24-FB75-C13009D47CB8}.Release|Any CPU.ActiveCfg = Release|Any CPU
		{19285D35-F761-8B24-FB75-C13009D47CB8}.Release|Any CPU.Build.0 = Release|Any CPU
		{14A4EA14-5A1E-9240-06C9-DFA508F60179}.Debug|Any CPU.ActiveCfg = Debug|Any CPU
		{14A4EA14-5A1E-9240-06C9-DFA508F60179}.Debug|Any CPU.Build.0 = Debug|Any CPU
		{14A4EA14-5A1E-9240-06C9-DFA508F60179}.Release|Any CPU.ActiveCfg = Release|Any CPU
		{14A4EA14-5A1E-9240-06C9-DFA508F60179}.Release|Any CPU.Build.0 = Release|Any CPU
	EndGlobalSection
	GlobalSection(SolutionProperties) = preSolution
		HideSolutionNode = FALSE
	EndGlobalSection
EndGlobal
